
Microsoft Visual Studio Solution File, Format Version 12.00
# Visual Studio Version 17
VisualStudioVersion = 17.0.32112.339
MinimumVisualStudioVersion = 10.0.40219.1
Project("{9A19103F-16F7-4668-BE54-9A1E7A4F7556}") = "CodeQualityClass1", "CodeQualityClass1\CodeQualityClass1.csproj", "{939A92D3-C7BF-4E22-8D32-18AE74FC002C}"
EndProject
Project("{9A19103F-16F7-4668-BE54-9A1E7A4F7556}") = "CodeQualityClass2", "CodeQualityClass2\CodeQualityClass2.csproj", "{525FBE6B-03D9-480D-BC5B-2CFB2FD5DE4B}"
EndProject
Project("{9A19103F-16F7-4668-BE54-9A1E7A4F7556}") = "TaskClass", "TaskClass\TaskClass.csproj", "{59A782A5-C961-4FD2-A233-6A30F26FEFDC}"
EndProject
Project("{9A19103F-16F7-4668-BE54-9A1E7A4F7556}") = "AsyncAwait", "AsyncAwait\AsyncAwait.csproj", "{7B99CB89-DF8E-4270-AE5E-A65D9D3ECF61}"
EndProject
Project("{9A19103F-16F7-4668-BE54-9A1E7A4F7556}") = "DesignPatterns", "DesignPatterns\DesignPatterns.csproj", "{8C0A36AA-1E79-4131-A8FB-8CC51ED2A598}"
EndProject
Project("{9A19103F-16F7-4668-BE54-9A1E7A4F7556}") = "TaskClass2", "TaskClass2\TaskClass2.csproj", "{E6A802C2-92CD-4AB6-B891-81773F5B3325}"
EndProject
Project("{9A19103F-16F7-4668-BE54-9A1E7A4F7556}") = "WebApiDemo", "WebApiDemo\WebApiDemo.csproj", "{46E58D02-E741-4E1D-B94D-3F29662A90E2}"
EndProject
Project("{9A19103F-16F7-4668-BE54-9A1E7A4F7556}") = "DependencyInjectionDemo", "DependencyInjectionDemo\DependencyInjectionDemo.csproj", "{9A1F7BE0-530D-4FD5-9E9E-8B8479F0CF61}"
EndProject
Project("{9A19103F-16F7-4668-BE54-9A1E7A4F7556}") = "EntityFrameworkDemo", "EntityFrameworkDemo\EntityFrameworkDemo.csproj", "{690921C7-568E-4D40-B43A-D9FE4B41FAB2}"
EndProject
Project("{9A19103F-16F7-4668-BE54-9A1E7A4F7556}") = "YieldReturn", "YieldReturn\YieldReturn.csproj", "{315F8A76-D721-4A05-8322-AE06AD709E9C}"
EndProject
Project("{9A19103F-16F7-4668-BE54-9A1E7A4F7556}") = "DotNetCore6Improvements", "DotNetCore6Improvements\DotNetCore6Improvements.csproj", "{973DBE80-0D2F-4AEF-9CC9-30B7C657ACA0}"
EndProject
Project("{9A19103F-16F7-4668-BE54-9A1E7A4F7556}") = "MiscDemo", "MiscDemo\MiscDemo.csproj", "{1E59419E-4FD8-4FF5-A593-B5694BC2B6F6}"
EndProject
Project("{9A19103F-16F7-4668-BE54-9A1E7A4F7556}") = "RegexCrash", "RegexCrash\RegexCrash.csproj", "{E0C71CD4-D9E6-4FCF-80C9-24537498F0FC}"
EndProject
Project("{9A19103F-16F7-4668-BE54-9A1E7A4F7556}") = "RedisTimeSeries", "RedisTimeSeries\RedisTimeSeries.csproj", "{BDBB9EC1-0A23-4C2A-A236-BCCC60D55AE6}"
EndProject
Project("{9A19103F-16F7-4668-BE54-9A1E7A4F7556}") = "Polling", "Polling\Polling.csproj", "{D9C12392-A1F3-40D1-8079-A2E97F0FFA2E}"
EndProject
Project("{9A19103F-16F7-4668-BE54-9A1E7A4F7556}") = "PollingClient", "PollingClient\PollingClient.csproj", "{F736996F-9B12-4EF4-91E5-A6012E496012}"
EndProject
Project("{9A19103F-16F7-4668-BE54-9A1E7A4F7556}") = "TaskClass3", "TaskClass3\TaskClass3.csproj", "{86DF415B-7F4D-4F59-B5C5-6D05796D49D4}"
EndProject
Project("{9A19103F-16F7-4668-BE54-9A1E7A4F7556}") = "RateLimit", "RateLimit\RateLimit.csproj", "{AA114983-1832-4A78-BE86-18FE714C1BB0}"
EndProject
Project("{2150E333-8FDC-42A3-9474-1A3956D46DE8}") = "Solution Items", "Solution Items", "{DCF56A69-9A23-418A-B8A6-6D6EFEE9F2DA}"
	ProjectSection(SolutionItems) = preProject
		.editorconfig = .editorconfig
		northwind.sql = northwind.sql
	EndProjectSection
EndProject
Project("{2150E333-8FDC-42A3-9474-1A3956D46DE8}") = "SourceGenerator", "SourceGenerator", "{F6EE8689-A29B-4C90-AE3C-A2D2F9F33C52}"
EndProject
Project("{9A19103F-16F7-4668-BE54-9A1E7A4F7556}") = "TestSourceGenerator", "TestSourceGenerator\TestSourceGenerator.csproj", "{FCC2765A-6C18-4F1C-B4A4-922103EFF2FD}"
EndProject
Project("{9A19103F-16F7-4668-BE54-9A1E7A4F7556}") = "SampleGenerator2", "SampleGenerator2\SampleGenerator2.csproj", "{BA1BAA52-AECB-4EA9-912A-6D6595490548}"
EndProject
Project("{FAE04EC0-301F-11D3-BF4B-00C04F79EFBC}") = "SqliteDemo", "SqliteDemo\SqliteDemo.csproj", "{6650C9E3-8BE2-475E-87CE-3DBACC67ECB3}"
EndProject
Project("{FAE04EC0-301F-11D3-BF4B-00C04F79EFBC}") = "ThreadStarvation", "ThreadStarvation\ThreadStarvation.csproj", "{A18AEA8B-F64F-446C-B187-1AF487A73029}"
EndProject
Project("{2150E333-8FDC-42A3-9474-1A3956D46DE8}") = "AIAgents", "AIAgents", "{02EA681E-C7D8-13C7-8484-4AC65E1B71E8}"
EndProject
Project("{FAE04EC0-301F-11D3-BF4B-00C04F79EFBC}") = "FirstAgent", "FirstAgent\FirstAgent.csproj", "{B80E31DA-6D29-4FA6-A896-D03977AC49FC}"
EndProject
Project("{FAE04EC0-301F-11D3-BF4B-00C04F79EFBC}") = "SecondAgent", "SecondAgent\SecondAgent.csproj", "{F4AD4170-6A8C-4373-B8BB-9210B2542EDE}"
EndProject
Project("{FAE04EC0-301F-11D3-BF4B-00C04F79EFBC}") = "SemanticKernel", "SemanticKernel\SemanticKernel.csproj", "{E8A3FE82-9B89-428E-BC59-1FB5EF4485F0}"
EndProject
Project("{FAE04EC0-301F-11D3-BF4B-00C04F79EFBC}") = "MCPServer", "MCPServer\MCPServer.csproj", "{55233367-FC55-40F9-939E-A05ED545B0F8}"
EndProject
Project("{FAE04EC0-301F-11D3-BF4B-00C04F79EFBC}") = "GitHubMCP", "GitHubMCP\GitHubMCP.csproj", "{554B4B65-5F5C-400A-9281-ECE275906424}"
EndProject
Project("{FAE04EC0-301F-11D3-BF4B-00C04F79EFBC}") = "MyMLApp", "MyMLApp\MyMLApp.csproj", "{6C6D7FE4-747F-4BC1-ADF1-6F052722BF40}"
EndProject
Project("{2150E333-8FDC-42A3-9474-1A3956D46DE8}") = "ML.NET", "ML.NET", "{408A7193-1A4E-4CA1-8DD8-3FACB9D46E3F}"
EndProject
Project("{FAE04EC0-301F-11D3-BF4B-00C04F79EFBC}") = "PricePredict", "PricePredict\PricePredict.csproj", "{51270EE7-57E3-43E2-B1BC-5577BA896720}"
EndProject
Global
	GlobalSection(SolutionConfigurationPlatforms) = preSolution
		Debug|Any CPU = Debug|Any CPU
		Release|Any CPU = Release|Any CPU
	EndGlobalSection
	GlobalSection(ProjectConfigurationPlatforms) = postSolution
		{939A92D3-C7BF-4E22-8D32-18AE74FC002C}.Debug|Any CPU.ActiveCfg = Debug|Any CPU
		{939A92D3-C7BF-4E22-8D32-18AE74FC002C}.Debug|Any CPU.Build.0 = Debug|Any CPU
		{939A92D3-C7BF-4E22-8D32-18AE74FC002C}.Release|Any CPU.ActiveCfg = Release|Any CPU
		{939A92D3-C7BF-4E22-8D32-18AE74FC002C}.Release|Any CPU.Build.0 = Release|Any CPU
		{525FBE6B-03D9-480D-BC5B-2CFB2FD5DE4B}.Debug|Any CPU.ActiveCfg = Debug|Any CPU
		{525FBE6B-03D9-480D-BC5B-2CFB2FD5DE4B}.Debug|Any CPU.Build.0 = Debug|Any CPU
		{525FBE6B-03D9-480D-BC5B-2CFB2FD5DE4B}.Release|Any CPU.ActiveCfg = Release|Any CPU
		{525FBE6B-03D9-480D-BC5B-2CFB2FD5DE4B}.Release|Any CPU.Build.0 = Release|Any CPU
		{59A782A5-C961-4FD2-A233-6A30F26FEFDC}.Debug|Any CPU.ActiveCfg = Debug|Any CPU
		{59A782A5-C961-4FD2-A233-6A30F26FEFDC}.Debug|Any CPU.Build.0 = Debug|Any CPU
		{59A782A5-C961-4FD2-A233-6A30F26FEFDC}.Release|Any CPU.ActiveCfg = Release|Any CPU
		{59A782A5-C961-4FD2-A233-6A30F26FEFDC}.Release|Any CPU.Build.0 = Release|Any CPU
		{7B99CB89-DF8E-4270-AE5E-A65D9D3ECF61}.Debug|Any CPU.ActiveCfg = Debug|Any CPU
		{7B99CB89-DF8E-4270-AE5E-A65D9D3ECF61}.Debug|Any CPU.Build.0 = Debug|Any CPU
		{7B99CB89-DF8E-4270-AE5E-A65D9D3ECF61}.Release|Any CPU.ActiveCfg = Release|Any CPU
		{7B99CB89-DF8E-4270-AE5E-A65D9D3ECF61}.Release|Any CPU.Build.0 = Release|Any CPU
		{8C0A36AA-1E79-4131-A8FB-8CC51ED2A598}.Debug|Any CPU.ActiveCfg = Debug|Any CPU
		{8C0A36AA-1E79-4131-A8FB-8CC51ED2A598}.Debug|Any CPU.Build.0 = Debug|Any CPU
		{8C0A36AA-1E79-4131-A8FB-8CC51ED2A598}.Release|Any CPU.ActiveCfg = Release|Any CPU
		{8C0A36AA-1E79-4131-A8FB-8CC51ED2A598}.Release|Any CPU.Build.0 = Release|Any CPU
		{E6A802C2-92CD-4AB6-B891-81773F5B3325}.Debug|Any CPU.ActiveCfg = Debug|Any CPU
		{E6A802C2-92CD-4AB6-B891-81773F5B3325}.Debug|Any CPU.Build.0 = Debug|Any CPU
		{E6A802C2-92CD-4AB6-B891-81773F5B3325}.Release|Any CPU.ActiveCfg = Release|Any CPU
		{E6A802C2-92CD-4AB6-B891-81773F5B3325}.Release|Any CPU.Build.0 = Release|Any CPU
		{46E58D02-E741-4E1D-B94D-3F29662A90E2}.Debug|Any CPU.ActiveCfg = Debug|Any CPU
		{46E58D02-E741-4E1D-B94D-3F29662A90E2}.Debug|Any CPU.Build.0 = Debug|Any CPU
		{46E58D02-E741-4E1D-B94D-3F29662A90E2}.Release|Any CPU.ActiveCfg = Release|Any CPU
		{46E58D02-E741-4E1D-B94D-3F29662A90E2}.Release|Any CPU.Build.0 = Release|Any CPU
		{9A1F7BE0-530D-4FD5-9E9E-8B8479F0CF61}.Debug|Any CPU.ActiveCfg = Debug|Any CPU
		{9A1F7BE0-530D-4FD5-9E9E-8B8479F0CF61}.Debug|Any CPU.Build.0 = Debug|Any CPU
		{9A1F7BE0-530D-4FD5-9E9E-8B8479F0CF61}.Release|Any CPU.ActiveCfg = Release|Any CPU
		{9A1F7BE0-530D-4FD5-9E9E-8B8479F0CF61}.Release|Any CPU.Build.0 = Release|Any CPU
		{690921C7-568E-4D40-B43A-D9FE4B41FAB2}.Debug|Any CPU.ActiveCfg = Debug|Any CPU
		{690921C7-568E-4D40-B43A-D9FE4B41FAB2}.Debug|Any CPU.Build.0 = Debug|Any CPU
		{690921C7-568E-4D40-B43A-D9FE4B41FAB2}.Release|Any CPU.ActiveCfg = Release|Any CPU
		{690921C7-568E-4D40-B43A-D9FE4B41FAB2}.Release|Any CPU.Build.0 = Release|Any CPU
		{315F8A76-D721-4A05-8322-AE06AD709E9C}.Debug|Any CPU.ActiveCfg = Debug|Any CPU
		{315F8A76-D721-4A05-8322-AE06AD709E9C}.Debug|Any CPU.Build.0 = Debug|Any CPU
		{315F8A76-D721-4A05-8322-AE06AD709E9C}.Release|Any CPU.ActiveCfg = Release|Any CPU
		{315F8A76-D721-4A05-8322-AE06AD709E9C}.Release|Any CPU.Build.0 = Release|Any CPU
		{973DBE80-0D2F-4AEF-9CC9-30B7C657ACA0}.Debug|Any CPU.ActiveCfg = Debug|Any CPU
		{973DBE80-0D2F-4AEF-9CC9-30B7C657ACA0}.Debug|Any CPU.Build.0 = Debug|Any CPU
		{973DBE80-0D2F-4AEF-9CC9-30B7C657ACA0}.Release|Any CPU.ActiveCfg = Release|Any CPU
		{973DBE80-0D2F-4AEF-9CC9-30B7C657ACA0}.Release|Any CPU.Build.0 = Release|Any CPU
		{1E59419E-4FD8-4FF5-A593-B5694BC2B6F6}.Debug|Any CPU.ActiveCfg = Debug|Any CPU
		{1E59419E-4FD8-4FF5-A593-B5694BC2B6F6}.Debug|Any CPU.Build.0 = Debug|Any CPU
		{1E59419E-4FD8-4FF5-A593-B5694BC2B6F6}.Release|Any CPU.ActiveCfg = Release|Any CPU
		{1E59419E-4FD8-4FF5-A593-B5694BC2B6F6}.Release|Any CPU.Build.0 = Release|Any CPU
		{E0C71CD4-D9E6-4FCF-80C9-24537498F0FC}.Debug|Any CPU.ActiveCfg = Debug|Any CPU
		{E0C71CD4-D9E6-4FCF-80C9-24537498F0FC}.Debug|Any CPU.Build.0 = Debug|Any CPU
		{E0C71CD4-D9E6-4FCF-80C9-24537498F0FC}.Release|Any CPU.ActiveCfg = Release|Any CPU
		{E0C71CD4-D9E6-4FCF-80C9-24537498F0FC}.Release|Any CPU.Build.0 = Release|Any CPU
		{BDBB9EC1-0A23-4C2A-A236-BCCC60D55AE6}.Debug|Any CPU.ActiveCfg = Debug|Any CPU
		{BDBB9EC1-0A23-4C2A-A236-BCCC60D55AE6}.Debug|Any CPU.Build.0 = Debug|Any CPU
		{BDBB9EC1-0A23-4C2A-A236-BCCC60D55AE6}.Release|Any CPU.ActiveCfg = Release|Any CPU
		{BDBB9EC1-0A23-4C2A-A236-BCCC60D55AE6}.Release|Any CPU.Build.0 = Release|Any CPU
		{D9C12392-A1F3-40D1-8079-A2E97F0FFA2E}.Debug|Any CPU.ActiveCfg = Debug|Any CPU
		{D9C12392-A1F3-40D1-8079-A2E97F0FFA2E}.Debug|Any CPU.Build.0 = Debug|Any CPU
		{D9C12392-A1F3-40D1-8079-A2E97F0FFA2E}.Release|Any CPU.ActiveCfg = Release|Any CPU
		{D9C12392-A1F3-40D1-8079-A2E97F0FFA2E}.Release|Any CPU.Build.0 = Release|Any CPU
		{F736996F-9B12-4EF4-91E5-A6012E496012}.Debug|Any CPU.ActiveCfg = Debug|Any CPU
		{F736996F-9B12-4EF4-91E5-A6012E496012}.Debug|Any CPU.Build.0 = Debug|Any CPU
		{F736996F-9B12-4EF4-91E5-A6012E496012}.Release|Any CPU.ActiveCfg = Release|Any CPU
		{F736996F-9B12-4EF4-91E5-A6012E496012}.Release|Any CPU.Build.0 = Release|Any CPU
		{86DF415B-7F4D-4F59-B5C5-6D05796D49D4}.Debug|Any CPU.ActiveCfg = Debug|Any CPU
		{86DF415B-7F4D-4F59-B5C5-6D05796D49D4}.Debug|Any CPU.Build.0 = Debug|Any CPU
		{86DF415B-7F4D-4F59-B5C5-6D05796D49D4}.Release|Any CPU.ActiveCfg = Release|Any CPU
		{86DF415B-7F4D-4F59-B5C5-6D05796D49D4}.Release|Any CPU.Build.0 = Release|Any CPU
		{AA114983-1832-4A78-BE86-18FE714C1BB0}.Debug|Any CPU.ActiveCfg = Debug|Any CPU
		{AA114983-1832-4A78-BE86-18FE714C1BB0}.Debug|Any CPU.Build.0 = Debug|Any CPU
		{AA114983-1832-4A78-BE86-18FE714C1BB0}.Release|Any CPU.ActiveCfg = Release|Any CPU
		{AA114983-1832-4A78-BE86-18FE714C1BB0}.Release|Any CPU.Build.0 = Release|Any CPU
		{FCC2765A-6C18-4F1C-B4A4-922103EFF2FD}.Debug|Any CPU.ActiveCfg = Debug|Any CPU
		{FCC2765A-6C18-4F1C-B4A4-922103EFF2FD}.Debug|Any CPU.Build.0 = Debug|Any CPU
		{FCC2765A-6C18-4F1C-B4A4-922103EFF2FD}.Release|Any CPU.ActiveCfg = Release|Any CPU
		{FCC2765A-6C18-4F1C-B4A4-922103EFF2FD}.Release|Any CPU.Build.0 = Release|Any CPU
		{BA1BAA52-AECB-4EA9-912A-6D6595490548}.Debug|Any CPU.ActiveCfg = Debug|Any CPU
		{BA1BAA52-AECB-4EA9-912A-6D6595490548}.Debug|Any CPU.Build.0 = Debug|Any CPU
		{BA1BAA52-AECB-4EA9-912A-6D6595490548}.Release|Any CPU.ActiveCfg = Release|Any CPU
		{BA1BAA52-AECB-4EA9-912A-6D6595490548}.Release|Any CPU.Build.0 = Release|Any CPU
		{6650C9E3-8BE2-475E-87CE-3DBACC67ECB3}.Debug|Any CPU.ActiveCfg = Debug|Any CPU
		{6650C9E3-8BE2-475E-87CE-3DBACC67ECB3}.Debug|Any CPU.Build.0 = Debug|Any CPU
		{6650C9E3-8BE2-475E-87CE-3DBACC67ECB3}.Release|Any CPU.ActiveCfg = Release|Any CPU
		{6650C9E3-8BE2-475E-87CE-3DBACC67ECB3}.Release|Any CPU.Build.0 = Release|Any CPU
		{A18AEA8B-F64F-446C-B187-1AF487A73029}.Debug|Any CPU.ActiveCfg = Debug|Any CPU
		{A18AEA8B-F64F-446C-B187-1AF487A73029}.Debug|Any CPU.Build.0 = Debug|Any CPU
		{A18AEA8B-F64F-446C-B187-1AF487A73029}.Release|Any CPU.ActiveCfg = Release|Any CPU
		{A18AEA8B-F64F-446C-B187-1AF487A73029}.Release|Any CPU.Build.0 = Release|Any CPU
		{B80E31DA-6D29-4FA6-A896-D03977AC49FC}.Debug|Any CPU.ActiveCfg = Debug|Any CPU
		{B80E31DA-6D29-4FA6-A896-D03977AC49FC}.Debug|Any CPU.Build.0 = Debug|Any CPU
		{B80E31DA-6D29-4FA6-A896-D03977AC49FC}.Release|Any CPU.ActiveCfg = Release|Any CPU
		{B80E31DA-6D29-4FA6-A896-D03977AC49FC}.Release|Any CPU.Build.0 = Release|Any CPU
		{F4AD4170-6A8C-4373-B8BB-9210B2542EDE}.Debug|Any CPU.ActiveCfg = Debug|Any CPU
		{F4AD4170-6A8C-4373-B8BB-9210B2542EDE}.Debug|Any CPU.Build.0 = Debug|Any CPU
		{F4AD4170-6A8C-4373-B8BB-9210B2542EDE}.Release|Any CPU.ActiveCfg = Release|Any CPU
		{F4AD4170-6A8C-4373-B8BB-9210B2542EDE}.Release|Any CPU.Build.0 = Release|Any CPU
		{E8A3FE82-9B89-428E-BC59-1FB5EF4485F0}.Debug|Any CPU.ActiveCfg = Debug|Any CPU
		{E8A3FE82-9B89-428E-BC59-1FB5EF4485F0}.Debug|Any CPU.Build.0 = Debug|Any CPU
		{E8A3FE82-9B89-428E-BC59-1FB5EF4485F0}.Release|Any CPU.ActiveCfg = Release|Any CPU
		{E8A3FE82-9B89-428E-BC59-1FB5EF4485F0}.Release|Any CPU.Build.0 = Release|Any CPU
		{55233367-FC55-40F9-939E-A05ED545B0F8}.Debug|Any CPU.ActiveCfg = Debug|Any CPU
		{55233367-FC55-40F9-939E-A05ED545B0F8}.Debug|Any CPU.Build.0 = Debug|Any CPU
		{55233367-FC55-40F9-939E-A05ED545B0F8}.Release|Any CPU.ActiveCfg = Release|Any CPU
		{55233367-FC55-40F9-939E-A05ED545B0F8}.Release|Any CPU.Build.0 = Release|Any CPU
		{554B4B65-5F5C-400A-9281-ECE275906424}.Debug|Any CPU.ActiveCfg = Debug|Any CPU
		{554B4B65-5F5C-400A-9281-ECE275906424}.Debug|Any CPU.Build.0 = Debug|Any CPU
		{554B4B65-5F5C-400A-9281-ECE275906424}.Release|Any CPU.ActiveCfg = Release|Any CPU
		{554B4B65-5F5C-400A-9281-ECE275906424}.Release|Any CPU.Build.0 = Release|Any CPU
		{6C6D7FE4-747F-4BC1-ADF1-6F052722BF40}.Debug|Any CPU.ActiveCfg = Debug|Any CPU
		{6C6D7FE4-747F-4BC1-ADF1-6F052722BF40}.Debug|Any CPU.Build.0 = Debug|Any CPU
		{6C6D7FE4-747F-4BC1-ADF1-6F052722BF40}.Release|Any CPU.ActiveCfg = Release|Any CPU
		{6C6D7FE4-747F-4BC1-ADF1-6F052722BF40}.Release|Any CPU.Build.0 = Release|Any CPU
		{51270EE7-57E3-43E2-B1BC-5577BA896720}.Debug|Any CPU.ActiveCfg = Debug|Any CPU
		{51270EE7-57E3-43E2-B1BC-5577BA896720}.Debug|Any CPU.Build.0 = Debug|Any CPU
		{51270EE7-57E3-43E2-B1BC-5577BA896720}.Release|Any CPU.ActiveCfg = Release|Any CPU
		{51270EE7-57E3-43E2-B1BC-5577BA896720}.Release|Any CPU.Build.0 = Release|Any CPU
	EndGlobalSection
	GlobalSection(SolutionProperties) = preSolution
		HideSolutionNode = FALSE
	EndGlobalSection
	GlobalSection(NestedProjects) = preSolution
		{FCC2765A-6C18-4F1C-B4A4-922103EFF2FD} = {F6EE8689-A29B-4C90-AE3C-A2D2F9F33C52}
		{BA1BAA52-AECB-4EA9-912A-6D6595490548} = {F6EE8689-A29B-4C90-AE3C-A2D2F9F33C52}
		{B80E31DA-6D29-4FA6-A896-D03977AC49FC} = {02EA681E-C7D8-13C7-8484-4AC65E1B71E8}
		{F4AD4170-6A8C-4373-B8BB-9210B2542EDE} = {02EA681E-C7D8-13C7-8484-4AC65E1B71E8}
		{E8A3FE82-9B89-428E-BC59-1FB5EF4485F0} = {02EA681E-C7D8-13C7-8484-4AC65E1B71E8}
		{55233367-FC55-40F9-939E-A05ED545B0F8} = {02EA681E-C7D8-13C7-8484-4AC65E1B71E8}
		{554B4B65-5F5C-400A-9281-ECE275906424} = {02EA681E-C7D8-13C7-8484-4AC65E1B71E8}
		{6C6D7FE4-747F-4BC1-ADF1-6F052722BF40} = {408A7193-1A4E-4CA1-8DD8-3FACB9D46E3F}
		{51270EE7-57E3-43E2-B1BC-5577BA896720} = {408A7193-1A4E-4CA1-8DD8-3FACB9D46E3F}
	EndGlobalSection
	GlobalSection(ExtensibilityGlobals) = postSolution
		SolutionGuid = {B495776A-36F6-44BB-97A3-29D3A6670E4C}
	EndGlobalSection
EndGlobal
