
Microsoft Visual Studio Solution File, Format Version 12.00
# Visual Studio Version 17
VisualStudioVersion = 17.0.32112.339
MinimumVisualStudioVersion = 10.0.40219.1
Project("{9A19103F-16F7-4668-BE54-9A1E7A4F7556}") = "CodeQualityClass1", "CodeQualityClass1\CodeQualityClass1.csproj", "{939A92D3-C7BF-4E22-8D32-18AE74FC002C}"
EndProject
Project("{9A19103F-16F7-4668-BE54-9A1E7A4F7556}") = "CodeQualityClass2", "CodeQualityClass2\CodeQualityClass2.csproj", "{525FBE6B-03D9-480D-BC5B-2CFB2FD5DE4B}"
EndProject
Project("{9A19103F-16F7-4668-BE54-9A1E7A4F7556}") = "TaskClass", "TaskClass\TaskClass.csproj", "{59A782A5-C961-4FD2-A233-6A30F26FEFDC}"
EndProject
Project("{9A19103F-16F7-4668-BE54-9A1E7A4F7556}") = "AsyncAwait", "AsyncAwait\AsyncAwait.csproj", "{7B99CB89-DF8E-4270-AE5E-A65D9D3ECF61}"
EndProject
Project("{9A19103F-16F7-4668-BE54-9A1E7A4F7556}") = "DesignPatterns", "DesignPatterns\DesignPatterns.csproj", "{8C0A36AA-1E79-4131-A8FB-8CC51ED2A598}"
EndProject
Project("{9A19103F-16F7-4668-BE54-9A1E7A4F7556}") = "TaskClass2", "TaskClass2\TaskClass2.csproj", "{E6A802C2-92CD-4AB6-B891-81773F5B3325}"
EndProject
Project("{9A19103F-16F7-4668-BE54-9A1E7A4F7556}") = "WebApiDemo", "WebApiDemo\WebApiDemo.csproj", "{46E58D02-E741-4E1D-B94D-3F29662A90E2}"
EndProject
Project("{9A19103F-16F7-4668-BE54-9A1E7A4F7556}") = "DependencyInjectionDemo", "DependencyInjectionDemo\DependencyInjectionDemo.csproj", "{9A1F7BE0-530D-4FD5-9E9E-8B8479F0CF61}"
EndProject
Project("{9A19103F-16F7-4668-BE54-9A1E7A4F7556}") = "EntityFrameworkDemo", "EntityFrameworkDemo\EntityFrameworkDemo.csproj", "{690921C7-568E-4D40-B43A-D9FE4B41FAB2}"
EndProject
Project("{FAE04EC0-301F-11D3-BF4B-00C04F79EFBC}") = "YieldReturn", "YieldReturn\YieldReturn.csproj", "{315F8A76-D721-4A05-8322-AE06AD709E9C}"
EndProject
Global
	GlobalSection(SolutionConfigurationPlatforms) = preSolution
		Debug|Any CPU = Debug|Any CPU
		Release|Any CPU = Release|Any CPU
	EndGlobalSection
	GlobalSection(ProjectConfigurationPlatforms) = postSolution
		{939A92D3-C7BF-4E22-8D32-18AE74FC002C}.Debug|Any CPU.ActiveCfg = Debug|Any CPU
		{939A92D3-C7BF-4E22-8D32-18AE74FC002C}.Debug|Any CPU.Build.0 = Debug|Any CPU
		{939A92D3-C7BF-4E22-8D32-18AE74FC002C}.Release|Any CPU.ActiveCfg = Release|Any CPU
		{939A92D3-C7BF-4E22-8D32-18AE74FC002C}.Release|Any CPU.Build.0 = Release|Any CPU
		{525FBE6B-03D9-480D-BC5B-2CFB2FD5DE4B}.Debug|Any CPU.ActiveCfg = Debug|Any CPU
		{525FBE6B-03D9-480D-BC5B-2CFB2FD5DE4B}.Debug|Any CPU.Build.0 = Debug|Any CPU
		{525FBE6B-03D9-480D-BC5B-2CFB2FD5DE4B}.Release|Any CPU.ActiveCfg = Release|Any CPU
		{525FBE6B-03D9-480D-BC5B-2CFB2FD5DE4B}.Release|Any CPU.Build.0 = Release|Any CPU
		{59A782A5-C961-4FD2-A233-6A30F26FEFDC}.Debug|Any CPU.ActiveCfg = Debug|Any CPU
		{59A782A5-C961-4FD2-A233-6A30F26FEFDC}.Debug|Any CPU.Build.0 = Debug|Any CPU
		{59A782A5-C961-4FD2-A233-6A30F26FEFDC}.Release|Any CPU.ActiveCfg = Release|Any CPU
		{59A782A5-C961-4FD2-A233-6A30F26FEFDC}.Release|Any CPU.Build.0 = Release|Any CPU
		{7B99CB89-DF8E-4270-AE5E-A65D9D3ECF61}.Debug|Any CPU.ActiveCfg = Debug|Any CPU
		{7B99CB89-DF8E-4270-AE5E-A65D9D3ECF61}.Debug|Any CPU.Build.0 = Debug|Any CPU
		{7B99CB89-DF8E-4270-AE5E-A65D9D3ECF61}.Release|Any CPU.ActiveCfg = Release|Any CPU
		{7B99CB89-DF8E-4270-AE5E-A65D9D3ECF61}.Release|Any CPU.Build.0 = Release|Any CPU
		{8C0A36AA-1E79-4131-A8FB-8CC51ED2A598}.Debug|Any CPU.ActiveCfg = Debug|Any CPU
		{8C0A36AA-1E79-4131-A8FB-8CC51ED2A598}.Debug|Any CPU.Build.0 = Debug|Any CPU
		{8C0A36AA-1E79-4131-A8FB-8CC51ED2A598}.Release|Any CPU.ActiveCfg = Release|Any CPU
		{8C0A36AA-1E79-4131-A8FB-8CC51ED2A598}.Release|Any CPU.Build.0 = Release|Any CPU
		{E6A802C2-92CD-4AB6-B891-81773F5B3325}.Debug|Any CPU.ActiveCfg = Debug|Any CPU
		{E6A802C2-92CD-4AB6-B891-81773F5B3325}.Debug|Any CPU.Build.0 = Debug|Any CPU
		{E6A802C2-92CD-4AB6-B891-81773F5B3325}.Release|Any CPU.ActiveCfg = Release|Any CPU
		{E6A802C2-92CD-4AB6-B891-81773F5B3325}.Release|Any CPU.Build.0 = Release|Any CPU
		{46E58D02-E741-4E1D-B94D-3F29662A90E2}.Debug|Any CPU.ActiveCfg = Debug|Any CPU
		{46E58D02-E741-4E1D-B94D-3F29662A90E2}.Debug|Any CPU.Build.0 = Debug|Any CPU
		{46E58D02-E741-4E1D-B94D-3F29662A90E2}.Release|Any CPU.ActiveCfg = Release|Any CPU
		{46E58D02-E741-4E1D-B94D-3F29662A90E2}.Release|Any CPU.Build.0 = Release|Any CPU
		{9A1F7BE0-530D-4FD5-9E9E-8B8479F0CF61}.Debug|Any CPU.ActiveCfg = Debug|Any CPU
		{9A1F7BE0-530D-4FD5-9E9E-8B8479F0CF61}.Debug|Any CPU.Build.0 = Debug|Any CPU
		{9A1F7BE0-530D-4FD5-9E9E-8B8479F0CF61}.Release|Any CPU.ActiveCfg = Release|Any CPU
		{9A1F7BE0-530D-4FD5-9E9E-8B8479F0CF61}.Release|Any CPU.Build.0 = Release|Any CPU
		{690921C7-568E-4D40-B43A-D9FE4B41FAB2}.Debug|Any CPU.ActiveCfg = Debug|Any CPU
		{690921C7-568E-4D40-B43A-D9FE4B41FAB2}.Debug|Any CPU.Build.0 = Debug|Any CPU
		{690921C7-568E-4D40-B43A-D9FE4B41FAB2}.Release|Any CPU.ActiveCfg = Release|Any CPU
		{690921C7-568E-4D40-B43A-D9FE4B41FAB2}.Release|Any CPU.Build.0 = Release|Any CPU
		{315F8A76-D721-4A05-8322-AE06AD709E9C}.Debug|Any CPU.ActiveCfg = Debug|Any CPU
		{315F8A76-D721-4A05-8322-AE06AD709E9C}.Debug|Any CPU.Build.0 = Debug|Any CPU
		{315F8A76-D721-4A05-8322-AE06AD709E9C}.Release|Any CPU.ActiveCfg = Release|Any CPU
		{315F8A76-D721-4A05-8322-AE06AD709E9C}.Release|Any CPU.Build.0 = Release|Any CPU
	EndGlobalSection
	GlobalSection(SolutionProperties) = preSolution
		HideSolutionNode = FALSE
	EndGlobalSection
	GlobalSection(ExtensibilityGlobals) = postSolution
		SolutionGuid = {B495776A-36F6-44BB-97A3-29D3A6670E4C}
	EndGlobalSection
EndGlobal
