
Microsoft Visual Studio Solution File, Format Version 12.00
# Visual Studio Version 17
VisualStudioVersion = 17.8.34525.116
MinimumVisualStudioVersion = 10.0.40219.1
Project("{FAE04EC0-301F-11D3-BF4B-00C04F79EFBC}") = "DemoGrpcService", "DemoGrpcService.csproj", "{1BED5D93-735D-4FA3-B108-BCD8F416153F}"
EndProject
Project("{FAE04EC0-301F-11D3-BF4B-00C04F79EFBC}") = "DemoGrpc.Client", "..\DemoGrpc.Client\DemoGrpc.Client.csproj", "{0866EDF2-A7FD-44EA-AAE5-4242AA734423}"
EndProject
Global
	GlobalSection(SolutionConfigurationPlatforms) = preSolution
		Debug|Any CPU = Debug|Any CPU
		Release|Any CPU = Release|Any CPU
	EndGlobalSection
	GlobalSection(ProjectConfigurationPlatforms) = postSolution
		{1BED5D93-735D-4FA3-B108-BCD8F416153F}.Debug|Any CPU.ActiveCfg = Debug|Any CPU
		{1BED5D93-735D-4FA3-B108-BCD8F416153F}.Debug|Any CPU.Build.0 = Debug|Any CPU
		{1BED5D93-735D-4FA3-B108-BCD8F416153F}.Release|Any CPU.ActiveCfg = Release|Any CPU
		{1BED5D93-735D-4FA3-B108-BCD8F416153F}.Release|Any CPU.Build.0 = Release|Any CPU
		{0866EDF2-A7FD-44EA-AAE5-4242AA734423}.Debug|Any CPU.ActiveCfg = Debug|Any CPU
		{0866EDF2-A7FD-44EA-AAE5-4242AA734423}.Debug|Any CPU.Build.0 = Debug|Any CPU
		{0866EDF2-A7FD-44EA-AAE5-4242AA734423}.Release|Any CPU.ActiveCfg = Release|Any CPU
		{0866EDF2-A7FD-44EA-AAE5-4242AA734423}.Release|Any CPU.Build.0 = Release|Any CPU
	EndGlobalSection
	GlobalSection(SolutionProperties) = preSolution
		HideSolutionNode = FALSE
	EndGlobalSection
	GlobalSection(ExtensibilityGlobals) = postSolution
		SolutionGuid = {555ED98E-C922-4C9C-9E46-B641A19B9172}
	EndGlobalSection
EndGlobal
